
Microsoft Visual Studio Solution File, Format Version 11.00
# Visual Studio 2010
Project("{FAE04EC0-301F-11D3-BF4B-00C04F79EFBC}") = "POCOMerger", "POCOMerger\POCOMerger.csproj", "{459A6DF9-E02C-4094-A1F4-BE39D51E59E5}"
EndProject
Project("{FAE04EC0-301F-11D3-BF4B-00C04F79EFBC}") = "POCOMerger.Test", "POCOMerger.Test\POCOMerger.Test.csproj", "{8245A72D-CEEA-4451-B43C-1080EB1F18D3}"
EndProject
Global
	GlobalSection(SubversionScc) = preSolution
		Svn-Managed = True
		Manager = AnkhSVN - Subversion Support for Visual Studio
	EndGlobalSection
	GlobalSection(SolutionConfigurationPlatforms) = preSolution
		Debug|Any CPU = Debug|Any CPU
		Release|Any CPU = Release|Any CPU
	EndGlobalSection
	GlobalSection(ProjectConfigurationPlatforms) = postSolution
		{459A6DF9-E02C-4094-A1F4-BE39D51E59E5}.Debug|Any CPU.ActiveCfg = Debug|Any CPU
		{459A6DF9-E02C-4094-A1F4-BE39D51E59E5}.Debug|Any CPU.Build.0 = Debug|Any CPU
		{459A6DF9-E02C-4094-A1F4-BE39D51E59E5}.Release|Any CPU.ActiveCfg = Release|Any CPU
		{459A6DF9-E02C-4094-A1F4-BE39D51E59E5}.Release|Any CPU.Build.0 = Release|Any CPU
		{8245A72D-CEEA-4451-B43C-1080EB1F18D3}.Debug|Any CPU.ActiveCfg = Debug|Any CPU
		{8245A72D-CEEA-4451-B43C-1080EB1F18D3}.Debug|Any CPU.Build.0 = Debug|Any CPU
		{8245A72D-CEEA-4451-B43C-1080EB1F18D3}.Release|Any CPU.ActiveCfg = Release|Any CPU
		{8245A72D-CEEA-4451-B43C-1080EB1F18D3}.Release|Any CPU.Build.0 = Release|Any CPU
	EndGlobalSection
	GlobalSection(SolutionProperties) = preSolution
		HideSolutionNode = FALSE
	EndGlobalSection
EndGlobal
